
Microsoft Visual Studio Solution File, Format Version 12.00
# Visual Studio Version 16
VisualStudioVersion = 16.0.30320.27
MinimumVisualStudioVersion = 10.0.40219.1
Project("{9A19103F-16F7-4668-BE54-9A1E7A4F7556}") = "ConsoleHub", "ConsoleHub\ConsoleHub.csproj", "{88E07447-604C-44C5-832F-4F564880CC61}"
EndProject
Project("{FAE04EC0-301F-11D3-BF4B-00C04F79EFBC}") = "SendCtrlC", "SendCtrlC\SendCtrlC.csproj", "{0124EF98-94FC-4F85-A078-C044C1CB208F}"
EndProject
Global
	GlobalSection(SolutionConfigurationPlatforms) = preSolution
		Debug|Any CPU = Debug|Any CPU
		Release|Any CPU = Release|Any CPU
	EndGlobalSection
	GlobalSection(ProjectConfigurationPlatforms) = postSolution
		{88E07447-604C-44C5-832F-4F564880CC61}.Debug|Any CPU.ActiveCfg = Debug|Any CPU
		{88E07447-604C-44C5-832F-4F564880CC61}.Debug|Any CPU.Build.0 = Debug|Any CPU
		{88E07447-604C-44C5-832F-4F564880CC61}.Release|Any CPU.ActiveCfg = Release|Any CPU
		{88E07447-604C-44C5-832F-4F564880CC61}.Release|Any CPU.Build.0 = Release|Any CPU
		{0124EF98-94FC-4F85-A078-C044C1CB208F}.Debug|Any CPU.ActiveCfg = Debug|Any CPU
		{0124EF98-94FC-4F85-A078-C044C1CB208F}.Debug|Any CPU.Build.0 = Debug|Any CPU
		{0124EF98-94FC-4F85-A078-C044C1CB208F}.Release|Any CPU.ActiveCfg = Release|Any CPU
		{0124EF98-94FC-4F85-A078-C044C1CB208F}.Release|Any CPU.Build.0 = Release|Any CPU
	EndGlobalSection
	GlobalSection(SolutionProperties) = preSolution
		HideSolutionNode = FALSE
	EndGlobalSection
	GlobalSection(ExtensibilityGlobals) = postSolution
		SolutionGuid = {D3EAAE4F-4A24-4A6F-90A0-3C21CFD52EEE}
	EndGlobalSection
EndGlobal
